
Microsoft Visual Studio Solution File, Format Version 12.00
# Visual Studio 15
Project("{FAE04EC0-301F-11D3-BF4B-00C04F79EFBC}") = "Unity.Services.Core.Telemetry", "Unity.Services.Core.Telemetry.csproj", "{6F4DFE4B-2AC7-EE5F-CA90-50B72A559C3F}"
EndProject
Project("{FAE04EC0-301F-11D3-BF4B-00C04F79EFBC}") = "UnityEngine.TestRunner", "UnityEngine.TestRunner.csproj", "{1630B082-73E5-4AD1-3ADF-5EFE803D5479}"
EndProject
Project("{FAE04EC0-301F-11D3-BF4B-00C04F79EFBC}") = "Unity.Services.Core.Internal", "Unity.Services.Core.Internal.csproj", "{28D04181-37DA-F498-E1BE-A938C9EBFA76}"
EndProject
Project("{FAE04EC0-301F-11D3-BF4B-00C04F79EFBC}") = "Unity.Timeline", "Unity.Timeline.csproj", "{00095BFC-6858-FF58-4D72-FAC914587631}"
EndProject
Project("{FAE04EC0-301F-11D3-BF4B-00C04F79EFBC}") = "Unity.ProBuilder", "Unity.ProBuilder.csproj", "{C45BA276-1B43-6400-5394-C0D73DC155D2}"
EndProject
Project("{FAE04EC0-301F-11D3-BF4B-00C04F79EFBC}") = "Unity.TextMeshPro", "Unity.TextMeshPro.csproj", "{A117A9B1-3553-75F0-7671-87B9C82CA297}"
EndProject
Project("{FAE04EC0-301F-11D3-BF4B-00C04F79EFBC}") = "Unity.Services.Core.Environments.Internal", "Unity.Services.Core.Environments.Internal.csproj", "{FF8C704F-1AB7-9CA6-F3AD-30C4A968DEEB}"
EndProject
Project("{FAE04EC0-301F-11D3-BF4B-00C04F79EFBC}") = "Unity.ProBuilder.Poly2Tri", "Unity.ProBuilder.Poly2Tri.csproj", "{05C07CFE-628E-086A-B174-B749CC1F6169}"
EndProject
Project("{FAE04EC0-301F-11D3-BF4B-00C04F79EFBC}") = "Unity.Services.Core.Configuration", "Unity.Services.Core.Configuration.csproj", "{BEAE71DE-9560-FF51-01E7-45F648C4BDDC}"
EndProject
Project("{FAE04EC0-301F-11D3-BF4B-00C04F79EFBC}") = "Unity.Services.Core", "Unity.Services.Core.csproj", "{D10FFE14-5C09-02D7-C027-C3A9EF4726BC}"
EndProject
Project("{FAE04EC0-301F-11D3-BF4B-00C04F79EFBC}") = "Unity.Services.Core.Environments", "Unity.Services.Core.Environments.csproj", "{26E344FE-DACD-3A99-D833-BFD57E75F44E}"
EndProject
Project("{FAE04EC0-301F-11D3-BF4B-00C04F79EFBC}") = "Assembly-CSharp", "Assembly-CSharp.csproj", "{0742DEA8-E219-A168-BFE0-51B808F24E4E}"
EndProject
Project("{FAE04EC0-301F-11D3-BF4B-00C04F79EFBC}") = "Unity.Services.Core.Networking", "Unity.Services.Core.Networking.csproj", "{BF15D3FC-E853-69C0-FC44-D1CAE200B5DA}"
EndProject
Project("{FAE04EC0-301F-11D3-BF4B-00C04F79EFBC}") = "Unity.Services.Core.Analytics", "Unity.Services.Core.Analytics.csproj", "{C49C9B22-3344-596D-48A7-FCD5348A5CD9}"
EndProject
Project("{FAE04EC0-301F-11D3-BF4B-00C04F79EFBC}") = "Unity.Services.Core.Scheduler", "Unity.Services.Core.Scheduler.csproj", "{29008B79-9455-289D-E9B5-67772B5F379A}"
EndProject
Project("{FAE04EC0-301F-11D3-BF4B-00C04F79EFBC}") = "Unity.ProGrids", "Unity.ProGrids.csproj", "{76427954-A3D1-F531-EFBF-2C8425E126C2}"
EndProject
Project("{FAE04EC0-301F-11D3-BF4B-00C04F79EFBC}") = "Unity.ProBuilder.Csg", "Unity.ProBuilder.Csg.csproj", "{B343A230-09EA-44B6-BBB1-5F4589646C8B}"
EndProject
Project("{FAE04EC0-301F-11D3-BF4B-00C04F79EFBC}") = "Unity.Services.Core.Registration", "Unity.Services.Core.Registration.csproj", "{5E46A462-F1CA-6BF7-7829-7E6CC2CFFC43}"
EndProject
Project("{FAE04EC0-301F-11D3-BF4B-00C04F79EFBC}") = "Unity.Services.Core.Device", "Unity.Services.Core.Device.csproj", "{067A2157-7370-94EC-E810-930C1F89D351}"
EndProject
Project("{FAE04EC0-301F-11D3-BF4B-00C04F79EFBC}") = "Unity.ProBuilder.KdTree", "Unity.ProBuilder.KdTree.csproj", "{BB56B303-9C61-D9B5-A000-DE7FD7143CB4}"
EndProject
Project("{FAE04EC0-301F-11D3-BF4B-00C04F79EFBC}") = "Unity.Services.Core.Threading", "Unity.Services.Core.Threading.csproj", "{9C253172-5267-FCCE-522B-D5740A4E5358}"
EndProject
Project("{FAE04EC0-301F-11D3-BF4B-00C04F79EFBC}") = "Unity.ProBuilder.Stl", "Unity.ProBuilder.Stl.csproj", "{0E730CF8-0CBE-A108-3DC2-3A1E5999F396}"
EndProject
Project("{FAE04EC0-301F-11D3-BF4B-00C04F79EFBC}") = "UnityEditor.TestRunner", "UnityEditor.TestRunner.csproj", "{D506F699-7EEA-86B1-6EA6-8EC6801CC99C}"
EndProject
Project("{FAE04EC0-301F-11D3-BF4B-00C04F79EFBC}") = "Unity.ProBuilder.Editor", "Unity.ProBuilder.Editor.csproj", "{1329A160-A131-AF9C-50C9-4AB238028CEE}"
EndProject
Project("{FAE04EC0-301F-11D3-BF4B-00C04F79EFBC}") = "Unity.PlasticSCM.Editor", "Unity.PlasticSCM.Editor.csproj", "{BF46A094-BB1F-6108-FF0C-C3863D90AFB1}"
EndProject
Project("{FAE04EC0-301F-11D3-BF4B-00C04F79EFBC}") = "Unity.Timeline.Editor", "Unity.Timeline.Editor.csproj", "{4F01E738-1A4D-F4B6-D427-98B8240FEAC1}"
EndProject
Project("{FAE04EC0-301F-11D3-BF4B-00C04F79EFBC}") = "Unity.VisualStudio.Editor", "Unity.VisualStudio.Editor.csproj", "{8CB332F9-C1FD-1018-FB05-F6AF43E46E12}"
EndProject
Project("{FAE04EC0-301F-11D3-BF4B-00C04F79EFBC}") = "Unity.TextMeshPro.Editor", "Unity.TextMeshPro.Editor.csproj", "{BAFB9559-BF87-8F54-5627-002E17A82F1C}"
EndProject
Project("{FAE04EC0-301F-11D3-BF4B-00C04F79EFBC}") = "Unity.CollabProxy.Editor", "Unity.CollabProxy.Editor.csproj", "{5828F789-ABDE-5F0B-EFE8-A8521F5751E6}"
EndProject
Project("{FAE04EC0-301F-11D3-BF4B-00C04F79EFBC}") = "Unity.Services.Core.Editor", "Unity.Services.Core.Editor.csproj", "{55C9FB09-08E2-2CA2-8AD2-BB8ED635D1B6}"
EndProject
Project("{FAE04EC0-301F-11D3-BF4B-00C04F79EFBC}") = "Unity.Rider.Editor", "Unity.Rider.Editor.csproj", "{A402734B-3F0B-4DB4-B3DD-16A2079775E7}"
EndProject
Project("{FAE04EC0-301F-11D3-BF4B-00C04F79EFBC}") = "Unity.ProGrids.Editor", "Unity.ProGrids.Editor.csproj", "{602A2F92-D8C2-473F-EA67-382AF6454582}"
EndProject
Project("{FAE04EC0-301F-11D3-BF4B-00C04F79EFBC}") = "Unity.VSCode.Editor", "Unity.VSCode.Editor.csproj", "{B1593C07-BEDD-47EB-A76A-5BCCF03B4E5C}"
EndProject
Project("{FAE04EC0-301F-11D3-BF4B-00C04F79EFBC}") = "Unity.ProBuilder.AssetIdRemapUtility", "Unity.ProBuilder.AssetIdRemapUtility.csproj", "{CA92ADC7-149C-3C24-F8CA-129ED11787C0}"
EndProject
Project("{FAE04EC0-301F-11D3-BF4B-00C04F79EFBC}") = "Unity.Settings.Editor", "Unity.Settings.Editor.csproj", "{ED29E079-7848-AA79-4CF6-3ED69E45981F}"
EndProject
Project("{FAE04EC0-301F-11D3-BF4B-00C04F79EFBC}") = "Unity.Services.Core.Configuration.Editor", "Unity.Services.Core.Configuration.Editor.csproj", "{EB055DDF-F418-2B33-44E5-84162020F15F}"
EndProject
Project("{FAE04EC0-301F-11D3-BF4B-00C04F79EFBC}") = "Unity.ProBuilder.AddOns.Editor", "Unity.ProBuilder.AddOns.Editor.csproj", "{125E59B3-77FA-46C9-2FFE-21B7B0B9A399}"
EndProject
Global
	GlobalSection(SolutionConfigurationPlatforms) = preSolution
		Debug|Any CPU = Debug|Any CPU
		Release|Any CPU = Release|Any CPU
	EndGlobalSection
	GlobalSection(ProjectConfigurationPlatforms) = postSolution
		{6F4DFE4B-2AC7-EE5F-CA90-50B72A559C3F}.Debug|Any CPU.ActiveCfg = Debug|Any CPU
		{6F4DFE4B-2AC7-EE5F-CA90-50B72A559C3F}.Debug|Any CPU.Build.0 = Debug|Any CPU
		{6F4DFE4B-2AC7-EE5F-CA90-50B72A559C3F}.Release|Any CPU.ActiveCfg = Release|Any CPU
		{6F4DFE4B-2AC7-EE5F-CA90-50B72A559C3F}.Release|Any CPU.Build.0 = Release|Any CPU
		{1630B082-73E5-4AD1-3ADF-5EFE803D5479}.Debug|Any CPU.ActiveCfg = Debug|Any CPU
		{1630B082-73E5-4AD1-3ADF-5EFE803D5479}.Debug|Any CPU.Build.0 = Debug|Any CPU
		{1630B082-73E5-4AD1-3ADF-5EFE803D5479}.Release|Any CPU.ActiveCfg = Release|Any CPU
		{1630B082-73E5-4AD1-3ADF-5EFE803D5479}.Release|Any CPU.Build.0 = Release|Any CPU
		{28D04181-37DA-F498-E1BE-A938C9EBFA76}.Debug|Any CPU.ActiveCfg = Debug|Any CPU
		{28D04181-37DA-F498-E1BE-A938C9EBFA76}.Debug|Any CPU.Build.0 = Debug|Any CPU
		{28D04181-37DA-F498-E1BE-A938C9EBFA76}.Release|Any CPU.ActiveCfg = Release|Any CPU
		{28D04181-37DA-F498-E1BE-A938C9EBFA76}.Release|Any CPU.Build.0 = Release|Any CPU
		{00095BFC-6858-FF58-4D72-FAC914587631}.Debug|Any CPU.ActiveCfg = Debug|Any CPU
		{00095BFC-6858-FF58-4D72-FAC914587631}.Debug|Any CPU.Build.0 = Debug|Any CPU
		{00095BFC-6858-FF58-4D72-FAC914587631}.Release|Any CPU.ActiveCfg = Release|Any CPU
		{00095BFC-6858-FF58-4D72-FAC914587631}.Release|Any CPU.Build.0 = Release|Any CPU
		{C45BA276-1B43-6400-5394-C0D73DC155D2}.Debug|Any CPU.ActiveCfg = Debug|Any CPU
		{C45BA276-1B43-6400-5394-C0D73DC155D2}.Debug|Any CPU.Build.0 = Debug|Any CPU
		{C45BA276-1B43-6400-5394-C0D73DC155D2}.Release|Any CPU.ActiveCfg = Release|Any CPU
		{C45BA276-1B43-6400-5394-C0D73DC155D2}.Release|Any CPU.Build.0 = Release|Any CPU
		{A117A9B1-3553-75F0-7671-87B9C82CA297}.Debug|Any CPU.ActiveCfg = Debug|Any CPU
		{A117A9B1-3553-75F0-7671-87B9C82CA297}.Debug|Any CPU.Build.0 = Debug|Any CPU
		{A117A9B1-3553-75F0-7671-87B9C82CA297}.Release|Any CPU.ActiveCfg = Release|Any CPU
		{A117A9B1-3553-75F0-7671-87B9C82CA297}.Release|Any CPU.Build.0 = Release|Any CPU
		{FF8C704F-1AB7-9CA6-F3AD-30C4A968DEEB}.Debug|Any CPU.ActiveCfg = Debug|Any CPU
		{FF8C704F-1AB7-9CA6-F3AD-30C4A968DEEB}.Debug|Any CPU.Build.0 = Debug|Any CPU
		{FF8C704F-1AB7-9CA6-F3AD-30C4A968DEEB}.Release|Any CPU.ActiveCfg = Release|Any CPU
		{FF8C704F-1AB7-9CA6-F3AD-30C4A968DEEB}.Release|Any CPU.Build.0 = Release|Any CPU
		{05C07CFE-628E-086A-B174-B749CC1F6169}.Debug|Any CPU.ActiveCfg = Debug|Any CPU
		{05C07CFE-628E-086A-B174-B749CC1F6169}.Debug|Any CPU.Build.0 = Debug|Any CPU
		{05C07CFE-628E-086A-B174-B749CC1F6169}.Release|Any CPU.ActiveCfg = Release|Any CPU
		{05C07CFE-628E-086A-B174-B749CC1F6169}.Release|Any CPU.Build.0 = Release|Any CPU
		{BEAE71DE-9560-FF51-01E7-45F648C4BDDC}.Debug|Any CPU.ActiveCfg = Debug|Any CPU
		{BEAE71DE-9560-FF51-01E7-45F648C4BDDC}.Debug|Any CPU.Build.0 = Debug|Any CPU
		{BEAE71DE-9560-FF51-01E7-45F648C4BDDC}.Release|Any CPU.ActiveCfg = Release|Any CPU
		{BEAE71DE-9560-FF51-01E7-45F648C4BDDC}.Release|Any CPU.Build.0 = Release|Any CPU
		{D10FFE14-5C09-02D7-C027-C3A9EF4726BC}.Debug|Any CPU.ActiveCfg = Debug|Any CPU
		{D10FFE14-5C09-02D7-C027-C3A9EF4726BC}.Debug|Any CPU.Build.0 = Debug|Any CPU
		{D10FFE14-5C09-02D7-C027-C3A9EF4726BC}.Release|Any CPU.ActiveCfg = Release|Any CPU
		{D10FFE14-5C09-02D7-C027-C3A9EF4726BC}.Release|Any CPU.Build.0 = Release|Any CPU
		{26E344FE-DACD-3A99-D833-BFD57E75F44E}.Debug|Any CPU.ActiveCfg = Debug|Any CPU
		{26E344FE-DACD-3A99-D833-BFD57E75F44E}.Debug|Any CPU.Build.0 = Debug|Any CPU
		{26E344FE-DACD-3A99-D833-BFD57E75F44E}.Release|Any CPU.ActiveCfg = Release|Any CPU
		{26E344FE-DACD-3A99-D833-BFD57E75F44E}.Release|Any CPU.Build.0 = Release|Any CPU
		{0742DEA8-E219-A168-BFE0-51B808F24E4E}.Debug|Any CPU.ActiveCfg = Debug|Any CPU
		{0742DEA8-E219-A168-BFE0-51B808F24E4E}.Debug|Any CPU.Build.0 = Debug|Any CPU
		{0742DEA8-E219-A168-BFE0-51B808F24E4E}.Release|Any CPU.ActiveCfg = Release|Any CPU
		{0742DEA8-E219-A168-BFE0-51B808F24E4E}.Release|Any CPU.Build.0 = Release|Any CPU
		{BF15D3FC-E853-69C0-FC44-D1CAE200B5DA}.Debug|Any CPU.ActiveCfg = Debug|Any CPU
		{BF15D3FC-E853-69C0-FC44-D1CAE200B5DA}.Debug|Any CPU.Build.0 = Debug|Any CPU
		{BF15D3FC-E853-69C0-FC44-D1CAE200B5DA}.Release|Any CPU.ActiveCfg = Release|Any CPU
		{BF15D3FC-E853-69C0-FC44-D1CAE200B5DA}.Release|Any CPU.Build.0 = Release|Any CPU
		{C49C9B22-3344-596D-48A7-FCD5348A5CD9}.Debug|Any CPU.ActiveCfg = Debug|Any CPU
		{C49C9B22-3344-596D-48A7-FCD5348A5CD9}.Debug|Any CPU.Build.0 = Debug|Any CPU
		{C49C9B22-3344-596D-48A7-FCD5348A5CD9}.Release|Any CPU.ActiveCfg = Release|Any CPU
		{C49C9B22-3344-596D-48A7-FCD5348A5CD9}.Release|Any CPU.Build.0 = Release|Any CPU
		{29008B79-9455-289D-E9B5-67772B5F379A}.Debug|Any CPU.ActiveCfg = Debug|Any CPU
		{29008B79-9455-289D-E9B5-67772B5F379A}.Debug|Any CPU.Build.0 = Debug|Any CPU
		{29008B79-9455-289D-E9B5-67772B5F379A}.Release|Any CPU.ActiveCfg = Release|Any CPU
		{29008B79-9455-289D-E9B5-67772B5F379A}.Release|Any CPU.Build.0 = Release|Any CPU
		{76427954-A3D1-F531-EFBF-2C8425E126C2}.Debug|Any CPU.ActiveCfg = Debug|Any CPU
		{76427954-A3D1-F531-EFBF-2C8425E126C2}.Debug|Any CPU.Build.0 = Debug|Any CPU
		{76427954-A3D1-F531-EFBF-2C8425E126C2}.Release|Any CPU.ActiveCfg = Release|Any CPU
		{76427954-A3D1-F531-EFBF-2C8425E126C2}.Release|Any CPU.Build.0 = Release|Any CPU
		{B343A230-09EA-44B6-BBB1-5F4589646C8B}.Debug|Any CPU.ActiveCfg = Debug|Any CPU
		{B343A230-09EA-44B6-BBB1-5F4589646C8B}.Debug|Any CPU.Build.0 = Debug|Any CPU
		{B343A230-09EA-44B6-BBB1-5F4589646C8B}.Release|Any CPU.ActiveCfg = Release|Any CPU
		{B343A230-09EA-44B6-BBB1-5F4589646C8B}.Release|Any CPU.Build.0 = Release|Any CPU
		{5E46A462-F1CA-6BF7-7829-7E6CC2CFFC43}.Debug|Any CPU.ActiveCfg = Debug|Any CPU
		{5E46A462-F1CA-6BF7-7829-7E6CC2CFFC43}.Debug|Any CPU.Build.0 = Debug|Any CPU
		{5E46A462-F1CA-6BF7-7829-7E6CC2CFFC43}.Release|Any CPU.ActiveCfg = Release|Any CPU
		{5E46A462-F1CA-6BF7-7829-7E6CC2CFFC43}.Release|Any CPU.Build.0 = Release|Any CPU
		{067A2157-7370-94EC-E810-930C1F89D351}.Debug|Any CPU.ActiveCfg = Debug|Any CPU
		{067A2157-7370-94EC-E810-930C1F89D351}.Debug|Any CPU.Build.0 = Debug|Any CPU
		{067A2157-7370-94EC-E810-930C1F89D351}.Release|Any CPU.ActiveCfg = Release|Any CPU
		{067A2157-7370-94EC-E810-930C1F89D351}.Release|Any CPU.Build.0 = Release|Any CPU
		{BB56B303-9C61-D9B5-A000-DE7FD7143CB4}.Debug|Any CPU.ActiveCfg = Debug|Any CPU
		{BB56B303-9C61-D9B5-A000-DE7FD7143CB4}.Debug|Any CPU.Build.0 = Debug|Any CPU
		{BB56B303-9C61-D9B5-A000-DE7FD7143CB4}.Release|Any CPU.ActiveCfg = Release|Any CPU
		{BB56B303-9C61-D9B5-A000-DE7FD7143CB4}.Release|Any CPU.Build.0 = Release|Any CPU
		{9C253172-5267-FCCE-522B-D5740A4E5358}.Debug|Any CPU.ActiveCfg = Debug|Any CPU
		{9C253172-5267-FCCE-522B-D5740A4E5358}.Debug|Any CPU.Build.0 = Debug|Any CPU
		{9C253172-5267-FCCE-522B-D5740A4E5358}.Release|Any CPU.ActiveCfg = Release|Any CPU
		{9C253172-5267-FCCE-522B-D5740A4E5358}.Release|Any CPU.Build.0 = Release|Any CPU
		{0E730CF8-0CBE-A108-3DC2-3A1E5999F396}.Debug|Any CPU.ActiveCfg = Debug|Any CPU
		{0E730CF8-0CBE-A108-3DC2-3A1E5999F396}.Debug|Any CPU.Build.0 = Debug|Any CPU
		{0E730CF8-0CBE-A108-3DC2-3A1E5999F396}.Release|Any CPU.ActiveCfg = Release|Any CPU
		{0E730CF8-0CBE-A108-3DC2-3A1E5999F396}.Release|Any CPU.Build.0 = Release|Any CPU
		{D506F699-7EEA-86B1-6EA6-8EC6801CC99C}.Debug|Any CPU.ActiveCfg = Debug|Any CPU
		{D506F699-7EEA-86B1-6EA6-8EC6801CC99C}.Debug|Any CPU.Build.0 = Debug|Any CPU
		{D506F699-7EEA-86B1-6EA6-8EC6801CC99C}.Release|Any CPU.ActiveCfg = Release|Any CPU
		{D506F699-7EEA-86B1-6EA6-8EC6801CC99C}.Release|Any CPU.Build.0 = Release|Any CPU
		{1329A160-A131-AF9C-50C9-4AB238028CEE}.Debug|Any CPU.ActiveCfg = Debug|Any CPU
		{1329A160-A131-AF9C-50C9-4AB238028CEE}.Debug|Any CPU.Build.0 = Debug|Any CPU
		{1329A160-A131-AF9C-50C9-4AB238028CEE}.Release|Any CPU.ActiveCfg = Release|Any CPU
		{1329A160-A131-AF9C-50C9-4AB238028CEE}.Release|Any CPU.Build.0 = Release|Any CPU
		{BF46A094-BB1F-6108-FF0C-C3863D90AFB1}.Debug|Any CPU.ActiveCfg = Debug|Any CPU
		{BF46A094-BB1F-6108-FF0C-C3863D90AFB1}.Debug|Any CPU.Build.0 = Debug|Any CPU
		{BF46A094-BB1F-6108-FF0C-C3863D90AFB1}.Release|Any CPU.ActiveCfg = Release|Any CPU
		{BF46A094-BB1F-6108-FF0C-C3863D90AFB1}.Release|Any CPU.Build.0 = Release|Any CPU
		{4F01E738-1A4D-F4B6-D427-98B8240FEAC1}.Debug|Any CPU.ActiveCfg = Debug|Any CPU
		{4F01E738-1A4D-F4B6-D427-98B8240FEAC1}.Debug|Any CPU.Build.0 = Debug|Any CPU
		{4F01E738-1A4D-F4B6-D427-98B8240FEAC1}.Release|Any CPU.ActiveCfg = Release|Any CPU
		{4F01E738-1A4D-F4B6-D427-98B8240FEAC1}.Release|Any CPU.Build.0 = Release|Any CPU
		{8CB332F9-C1FD-1018-FB05-F6AF43E46E12}.Debug|Any CPU.ActiveCfg = Debug|Any CPU
		{8CB332F9-C1FD-1018-FB05-F6AF43E46E12}.Debug|Any CPU.Build.0 = Debug|Any CPU
		{8CB332F9-C1FD-1018-FB05-F6AF43E46E12}.Release|Any CPU.ActiveCfg = Release|Any CPU
		{8CB332F9-C1FD-1018-FB05-F6AF43E46E12}.Release|Any CPU.Build.0 = Release|Any CPU
		{BAFB9559-BF87-8F54-5627-002E17A82F1C}.Debug|Any CPU.ActiveCfg = Debug|Any CPU
		{BAFB9559-BF87-8F54-5627-002E17A82F1C}.Debug|Any CPU.Build.0 = Debug|Any CPU
		{BAFB9559-BF87-8F54-5627-002E17A82F1C}.Release|Any CPU.ActiveCfg = Release|Any CPU
		{BAFB9559-BF87-8F54-5627-002E17A82F1C}.Release|Any CPU.Build.0 = Release|Any CPU
		{5828F789-ABDE-5F0B-EFE8-A8521F5751E6}.Debug|Any CPU.ActiveCfg = Debug|Any CPU
		{5828F789-ABDE-5F0B-EFE8-A8521F5751E6}.Debug|Any CPU.Build.0 = Debug|Any CPU
		{5828F789-ABDE-5F0B-EFE8-A8521F5751E6}.Release|Any CPU.ActiveCfg = Release|Any CPU
		{5828F789-ABDE-5F0B-EFE8-A8521F5751E6}.Release|Any CPU.Build.0 = Release|Any CPU
		{55C9FB09-08E2-2CA2-8AD2-BB8ED635D1B6}.Debug|Any CPU.ActiveCfg = Debug|Any CPU
		{55C9FB09-08E2-2CA2-8AD2-BB8ED635D1B6}.Debug|Any CPU.Build.0 = Debug|Any CPU
		{55C9FB09-08E2-2CA2-8AD2-BB8ED635D1B6}.Release|Any CPU.ActiveCfg = Release|Any CPU
		{55C9FB09-08E2-2CA2-8AD2-BB8ED635D1B6}.Release|Any CPU.Build.0 = Release|Any CPU
		{A402734B-3F0B-4DB4-B3DD-16A2079775E7}.Debug|Any CPU.ActiveCfg = Debug|Any CPU
		{A402734B-3F0B-4DB4-B3DD-16A2079775E7}.Debug|Any CPU.Build.0 = Debug|Any CPU
		{A402734B-3F0B-4DB4-B3DD-16A2079775E7}.Release|Any CPU.ActiveCfg = Release|Any CPU
		{A402734B-3F0B-4DB4-B3DD-16A2079775E7}.Release|Any CPU.Build.0 = Release|Any CPU
		{602A2F92-D8C2-473F-EA67-382AF6454582}.Debug|Any CPU.ActiveCfg = Debug|Any CPU
		{602A2F92-D8C2-473F-EA67-382AF6454582}.Debug|Any CPU.Build.0 = Debug|Any CPU
		{602A2F92-D8C2-473F-EA67-382AF6454582}.Release|Any CPU.ActiveCfg = Release|Any CPU
		{602A2F92-D8C2-473F-EA67-382AF6454582}.Release|Any CPU.Build.0 = Release|Any CPU
		{B1593C07-BEDD-47EB-A76A-5BCCF03B4E5C}.Debug|Any CPU.ActiveCfg = Debug|Any CPU
		{B1593C07-BEDD-47EB-A76A-5BCCF03B4E5C}.Debug|Any CPU.Build.0 = Debug|Any CPU
		{B1593C07-BEDD-47EB-A76A-5BCCF03B4E5C}.Release|Any CPU.ActiveCfg = Release|Any CPU
		{B1593C07-BEDD-47EB-A76A-5BCCF03B4E5C}.Release|Any CPU.Build.0 = Release|Any CPU
		{CA92ADC7-149C-3C24-F8CA-129ED11787C0}.Debug|Any CPU.ActiveCfg = Debug|Any CPU
		{CA92ADC7-149C-3C24-F8CA-129ED11787C0}.Debug|Any CPU.Build.0 = Debug|Any CPU
		{CA92ADC7-149C-3C24-F8CA-129ED11787C0}.Release|Any CPU.ActiveCfg = Release|Any CPU
		{CA92ADC7-149C-3C24-F8CA-129ED11787C0}.Release|Any CPU.Build.0 = Release|Any CPU
		{ED29E079-7848-AA79-4CF6-3ED69E45981F}.Debug|Any CPU.ActiveCfg = Debug|Any CPU
		{ED29E079-7848-AA79-4CF6-3ED69E45981F}.Debug|Any CPU.Build.0 = Debug|Any CPU
		{ED29E079-7848-AA79-4CF6-3ED69E45981F}.Release|Any CPU.ActiveCfg = Release|Any CPU
		{ED29E079-7848-AA79-4CF6-3ED69E45981F}.Release|Any CPU.Build.0 = Release|Any CPU
		{EB055DDF-F418-2B33-44E5-84162020F15F}.Debug|Any CPU.ActiveCfg = Debug|Any CPU
		{EB055DDF-F418-2B33-44E5-84162020F15F}.Debug|Any CPU.Build.0 = Debug|Any CPU
		{EB055DDF-F418-2B33-44E5-84162020F15F}.Release|Any CPU.ActiveCfg = Release|Any CPU
		{EB055DDF-F418-2B33-44E5-84162020F15F}.Release|Any CPU.Build.0 = Release|Any CPU
		{125E59B3-77FA-46C9-2FFE-21B7B0B9A399}.Debug|Any CPU.ActiveCfg = Debug|Any CPU
		{125E59B3-77FA-46C9-2FFE-21B7B0B9A399}.Debug|Any CPU.Build.0 = Debug|Any CPU
		{125E59B3-77FA-46C9-2FFE-21B7B0B9A399}.Release|Any CPU.ActiveCfg = Release|Any CPU
		{125E59B3-77FA-46C9-2FFE-21B7B0B9A399}.Release|Any CPU.Build.0 = Release|Any CPU
	EndGlobalSection
	GlobalSection(SolutionProperties) = preSolution
		HideSolutionNode = FALSE
	EndGlobalSection
EndGlobal
